
Microsoft Visual Studio Solution File, Format Version 12.00
# Visual Studio Version 17
VisualStudioVersion = 17.4.33205.214
MinimumVisualStudioVersion = 10.0.40219.1
Project("{8BC9CEB8-8B4A-11D0-8D11-00A0C91BC942}") = "Ansi C", "Ansi C\Ansi C.vcxproj", "{1D2A8AE8-7E7E-4F1F-AF9A-B73D9B9871C4}"
EndProject
Project("{8BC9CEB8-8B4A-11D0-8D11-00A0C91BC942}") = "Lab4PO", "Lab4PO\Lab4PO.vcxproj", "{9173B818-087C-4449-8D01-E94BEBFEBDE4}"
EndProject
Project("{8BC9CEB8-8B4A-11D0-8D11-00A0C91BC942}") = "Lab5PO", "Lab5PO\Lab5PO.vcxproj", "{016D876F-F8B0-4F67-BC53-7E5BEA47C160}"
EndProject
Project("{8BC9CEB8-8B4A-11D0-8D11-00A0C91BC942}") = "Lab5B1", "LAB5B1\Lab5B1.vcxproj", "{9502BF0A-072C-49CC-A039-0D9EB91E34F6}"
EndProject
Project("{8BC9CEB8-8B4A-11D0-8D11-00A0C91BC942}") = "Lab6PO", "Lab6PO\Lab6PO.vcxproj", "{8AAB99C0-6B4B-4581-9E48-C90169337381}"
EndProject
Project("{8BC9CEB8-8B4A-11D0-8D11-00A0C91BC942}") = "Lab6B1", "Lab6B1\Lab6B1.vcxproj", "{C1DFB59A-9728-46F6-95DF-D3DDEBDABD69}"
EndProject
Project("{8BC9CEB8-8B4A-11D0-8D11-00A0C91BC942}") = "Lab7PO", "Lab7PO\Lab7PO.vcxproj", "{C9F267B4-3C4C-4DA4-83B6-87E693E1BC92}"
EndProject
Project("{8BC9CEB8-8B4A-11D0-8D11-00A0C91BC942}") = "Lab7A1", "Lab7A1\Lab7A1.vcxproj", "{86CE0320-DCC2-4ACB-B7F5-CDF9A4557623}"
EndProject
Project("{8BC9CEB8-8B4A-11D0-8D11-00A0C91BC942}") = "Lab8_wej", "Lab8_wej\Lab8_wej.vcxproj", "{B7BEFA73-EC3B-4D07-BE7C-2F1607F5E90D}"
EndProject
Project("{8BC9CEB8-8B4A-11D0-8D11-00A0C91BC942}") = "Lab9_wej", "Lab9_wej\Lab9_wej.vcxproj", "{7A2D0C06-A839-4657-9319-A609AD53C5B2}"
EndProject
Project("{8BC9CEB8-8B4A-11D0-8D11-00A0C91BC942}") = "Lab8A1", "Lab8A1\Lab8A1.vcxproj", "{3FDCD36E-2F9A-4249-A1B5-7C98D11544A7}"
EndProject
Project("{8BC9CEB8-8B4A-11D0-8D11-00A0C91BC942}") = "Lab9_B1", "Lab9_B1\Lab9_B1.vcxproj", "{DA82D147-D816-46E1-A6ED-2758A0295C27}"
EndProject
Project("{8BC9CEB8-8B4A-11D0-8D11-00A0C91BC942}") = "Lab10_wej", "Lab10_wej\Lab10_wej.vcxproj", "{8C847674-5834-4694-A024-A243079DD433}"
EndProject
Project("{8BC9CEB8-8B4A-11D0-8D11-00A0C91BC942}") = "Lab10A1", "Lab10A1\Lab10A1.vcxproj", "{26B8F0C9-6DFF-40CF-9E79-6BED1AD79B22}"
EndProject
Project("{8BC9CEB8-8B4A-11D0-8D11-00A0C91BC942}") = "Lab11_wej", "Lab11_wej\Lab11_wej.vcxproj", "{84B524CA-1505-4385-B148-F43223F4B444}"
EndProject
Project("{8BC9CEB8-8B4A-11D0-8D11-00A0C91BC942}") = "Lab11_A", "Lab11_A\Lab11_A.vcxproj", "{485426E5-D1D9-4A73-92E9-50B558464D8D}"
EndProject
Project("{8BC9CEB8-8B4A-11D0-8D11-00A0C91BC942}") = "Lab11_B", "Lab11_B\Lab11_B.vcxproj", "{6C8809F1-A02C-4385-94BE-9783CD8B17E2}"
EndProject
Global
	GlobalSection(SolutionConfigurationPlatforms) = preSolution
		Debug|x64 = Debug|x64
		Debug|x86 = Debug|x86
		Release|x64 = Release|x64
		Release|x86 = Release|x86
	EndGlobalSection
	GlobalSection(ProjectConfigurationPlatforms) = postSolution
		{1D2A8AE8-7E7E-4F1F-AF9A-B73D9B9871C4}.Debug|x64.ActiveCfg = Debug|x64
		{1D2A8AE8-7E7E-4F1F-AF9A-B73D9B9871C4}.Debug|x64.Build.0 = Debug|x64
		{1D2A8AE8-7E7E-4F1F-AF9A-B73D9B9871C4}.Debug|x86.ActiveCfg = Debug|Win32
		{1D2A8AE8-7E7E-4F1F-AF9A-B73D9B9871C4}.Debug|x86.Build.0 = Debug|Win32
		{1D2A8AE8-7E7E-4F1F-AF9A-B73D9B9871C4}.Release|x64.ActiveCfg = Release|x64
		{1D2A8AE8-7E7E-4F1F-AF9A-B73D9B9871C4}.Release|x64.Build.0 = Release|x64
		{1D2A8AE8-7E7E-4F1F-AF9A-B73D9B9871C4}.Release|x86.ActiveCfg = Release|Win32
		{1D2A8AE8-7E7E-4F1F-AF9A-B73D9B9871C4}.Release|x86.Build.0 = Release|Win32
		{9173B818-087C-4449-8D01-E94BEBFEBDE4}.Debug|x64.ActiveCfg = Debug|x64
		{9173B818-087C-4449-8D01-E94BEBFEBDE4}.Debug|x64.Build.0 = Debug|x64
		{9173B818-087C-4449-8D01-E94BEBFEBDE4}.Debug|x86.ActiveCfg = Debug|Win32
		{9173B818-087C-4449-8D01-E94BEBFEBDE4}.Debug|x86.Build.0 = Debug|Win32
		{9173B818-087C-4449-8D01-E94BEBFEBDE4}.Release|x64.ActiveCfg = Release|x64
		{9173B818-087C-4449-8D01-E94BEBFEBDE4}.Release|x64.Build.0 = Release|x64
		{9173B818-087C-4449-8D01-E94BEBFEBDE4}.Release|x86.ActiveCfg = Release|Win32
		{9173B818-087C-4449-8D01-E94BEBFEBDE4}.Release|x86.Build.0 = Release|Win32
		{016D876F-F8B0-4F67-BC53-7E5BEA47C160}.Debug|x64.ActiveCfg = Debug|x64
		{016D876F-F8B0-4F67-BC53-7E5BEA47C160}.Debug|x64.Build.0 = Debug|x64
		{016D876F-F8B0-4F67-BC53-7E5BEA47C160}.Debug|x86.ActiveCfg = Debug|Win32
		{016D876F-F8B0-4F67-BC53-7E5BEA47C160}.Debug|x86.Build.0 = Debug|Win32
		{016D876F-F8B0-4F67-BC53-7E5BEA47C160}.Release|x64.ActiveCfg = Release|x64
		{016D876F-F8B0-4F67-BC53-7E5BEA47C160}.Release|x64.Build.0 = Release|x64
		{016D876F-F8B0-4F67-BC53-7E5BEA47C160}.Release|x86.ActiveCfg = Release|Win32
		{016D876F-F8B0-4F67-BC53-7E5BEA47C160}.Release|x86.Build.0 = Release|Win32
		{9502BF0A-072C-49CC-A039-0D9EB91E34F6}.Debug|x64.ActiveCfg = Debug|x64
		{9502BF0A-072C-49CC-A039-0D9EB91E34F6}.Debug|x64.Build.0 = Debug|x64
		{9502BF0A-072C-49CC-A039-0D9EB91E34F6}.Debug|x86.ActiveCfg = Debug|Win32
		{9502BF0A-072C-49CC-A039-0D9EB91E34F6}.Debug|x86.Build.0 = Debug|Win32
		{9502BF0A-072C-49CC-A039-0D9EB91E34F6}.Release|x64.ActiveCfg = Release|x64
		{9502BF0A-072C-49CC-A039-0D9EB91E34F6}.Release|x64.Build.0 = Release|x64
		{9502BF0A-072C-49CC-A039-0D9EB91E34F6}.Release|x86.ActiveCfg = Release|Win32
		{9502BF0A-072C-49CC-A039-0D9EB91E34F6}.Release|x86.Build.0 = Release|Win32
		{8AAB99C0-6B4B-4581-9E48-C90169337381}.Debug|x64.ActiveCfg = Debug|x64
		{8AAB99C0-6B4B-4581-9E48-C90169337381}.Debug|x64.Build.0 = Debug|x64
		{8AAB99C0-6B4B-4581-9E48-C90169337381}.Debug|x86.ActiveCfg = Debug|Win32
		{8AAB99C0-6B4B-4581-9E48-C90169337381}.Debug|x86.Build.0 = Debug|Win32
		{8AAB99C0-6B4B-4581-9E48-C90169337381}.Release|x64.ActiveCfg = Release|x64
		{8AAB99C0-6B4B-4581-9E48-C90169337381}.Release|x64.Build.0 = Release|x64
		{8AAB99C0-6B4B-4581-9E48-C90169337381}.Release|x86.ActiveCfg = Release|Win32
		{8AAB99C0-6B4B-4581-9E48-C90169337381}.Release|x86.Build.0 = Release|Win32
		{C1DFB59A-9728-46F6-95DF-D3DDEBDABD69}.Debug|x64.ActiveCfg = Debug|x64
		{C1DFB59A-9728-46F6-95DF-D3DDEBDABD69}.Debug|x64.Build.0 = Debug|x64
		{C1DFB59A-9728-46F6-95DF-D3DDEBDABD69}.Debug|x86.ActiveCfg = Debug|Win32
		{C1DFB59A-9728-46F6-95DF-D3DDEBDABD69}.Debug|x86.Build.0 = Debug|Win32
		{C1DFB59A-9728-46F6-95DF-D3DDEBDABD69}.Release|x64.ActiveCfg = Release|x64
		{C1DFB59A-9728-46F6-95DF-D3DDEBDABD69}.Release|x64.Build.0 = Release|x64
		{C1DFB59A-9728-46F6-95DF-D3DDEBDABD69}.Release|x86.ActiveCfg = Release|Win32
		{C1DFB59A-9728-46F6-95DF-D3DDEBDABD69}.Release|x86.Build.0 = Release|Win32
		{C9F267B4-3C4C-4DA4-83B6-87E693E1BC92}.Debug|x64.ActiveCfg = Debug|x64
		{C9F267B4-3C4C-4DA4-83B6-87E693E1BC92}.Debug|x64.Build.0 = Debug|x64
		{C9F267B4-3C4C-4DA4-83B6-87E693E1BC92}.Debug|x86.ActiveCfg = Debug|Win32
		{C9F267B4-3C4C-4DA4-83B6-87E693E1BC92}.Debug|x86.Build.0 = Debug|Win32
		{C9F267B4-3C4C-4DA4-83B6-87E693E1BC92}.Release|x64.ActiveCfg = Release|x64
		{C9F267B4-3C4C-4DA4-83B6-87E693E1BC92}.Release|x64.Build.0 = Release|x64
		{C9F267B4-3C4C-4DA4-83B6-87E693E1BC92}.Release|x86.ActiveCfg = Release|Win32
		{C9F267B4-3C4C-4DA4-83B6-87E693E1BC92}.Release|x86.Build.0 = Release|Win32
		{86CE0320-DCC2-4ACB-B7F5-CDF9A4557623}.Debug|x64.ActiveCfg = Debug|x64
		{86CE0320-DCC2-4ACB-B7F5-CDF9A4557623}.Debug|x64.Build.0 = Debug|x64
		{86CE0320-DCC2-4ACB-B7F5-CDF9A4557623}.Debug|x86.ActiveCfg = Debug|Win32
		{86CE0320-DCC2-4ACB-B7F5-CDF9A4557623}.Debug|x86.Build.0 = Debug|Win32
		{86CE0320-DCC2-4ACB-B7F5-CDF9A4557623}.Release|x64.ActiveCfg = Release|x64
		{86CE0320-DCC2-4ACB-B7F5-CDF9A4557623}.Release|x64.Build.0 = Release|x64
		{86CE0320-DCC2-4ACB-B7F5-CDF9A4557623}.Release|x86.ActiveCfg = Release|Win32
		{86CE0320-DCC2-4ACB-B7F5-CDF9A4557623}.Release|x86.Build.0 = Release|Win32
		{B7BEFA73-EC3B-4D07-BE7C-2F1607F5E90D}.Debug|x64.ActiveCfg = Debug|x64
		{B7BEFA73-EC3B-4D07-BE7C-2F1607F5E90D}.Debug|x64.Build.0 = Debug|x64
		{B7BEFA73-EC3B-4D07-BE7C-2F1607F5E90D}.Debug|x86.ActiveCfg = Debug|Win32
		{B7BEFA73-EC3B-4D07-BE7C-2F1607F5E90D}.Debug|x86.Build.0 = Debug|Win32
		{B7BEFA73-EC3B-4D07-BE7C-2F1607F5E90D}.Release|x64.ActiveCfg = Release|x64
		{B7BEFA73-EC3B-4D07-BE7C-2F1607F5E90D}.Release|x64.Build.0 = Release|x64
		{B7BEFA73-EC3B-4D07-BE7C-2F1607F5E90D}.Release|x86.ActiveCfg = Release|Win32
		{B7BEFA73-EC3B-4D07-BE7C-2F1607F5E90D}.Release|x86.Build.0 = Release|Win32
		{7A2D0C06-A839-4657-9319-A609AD53C5B2}.Debug|x64.ActiveCfg = Debug|x64
		{7A2D0C06-A839-4657-9319-A609AD53C5B2}.Debug|x64.Build.0 = Debug|x64
		{7A2D0C06-A839-4657-9319-A609AD53C5B2}.Debug|x86.ActiveCfg = Debug|Win32
		{7A2D0C06-A839-4657-9319-A609AD53C5B2}.Debug|x86.Build.0 = Debug|Win32
		{7A2D0C06-A839-4657-9319-A609AD53C5B2}.Release|x64.ActiveCfg = Release|x64
		{7A2D0C06-A839-4657-9319-A609AD53C5B2}.Release|x64.Build.0 = Release|x64
		{7A2D0C06-A839-4657-9319-A609AD53C5B2}.Release|x86.ActiveCfg = Release|Win32
		{7A2D0C06-A839-4657-9319-A609AD53C5B2}.Release|x86.Build.0 = Release|Win32
		{3FDCD36E-2F9A-4249-A1B5-7C98D11544A7}.Debug|x64.ActiveCfg = Debug|x64
		{3FDCD36E-2F9A-4249-A1B5-7C98D11544A7}.Debug|x64.Build.0 = Debug|x64
		{3FDCD36E-2F9A-4249-A1B5-7C98D11544A7}.Debug|x86.ActiveCfg = Debug|Win32
		{3FDCD36E-2F9A-4249-A1B5-7C98D11544A7}.Debug|x86.Build.0 = Debug|Win32
		{3FDCD36E-2F9A-4249-A1B5-7C98D11544A7}.Release|x64.ActiveCfg = Release|x64
		{3FDCD36E-2F9A-4249-A1B5-7C98D11544A7}.Release|x64.Build.0 = Release|x64
		{3FDCD36E-2F9A-4249-A1B5-7C98D11544A7}.Release|x86.ActiveCfg = Release|Win32
		{3FDCD36E-2F9A-4249-A1B5-7C98D11544A7}.Release|x86.Build.0 = Release|Win32
		{DA82D147-D816-46E1-A6ED-2758A0295C27}.Debug|x64.ActiveCfg = Debug|x64
		{DA82D147-D816-46E1-A6ED-2758A0295C27}.Debug|x64.Build.0 = Debug|x64
		{DA82D147-D816-46E1-A6ED-2758A0295C27}.Debug|x86.ActiveCfg = Debug|Win32
		{DA82D147-D816-46E1-A6ED-2758A0295C27}.Debug|x86.Build.0 = Debug|Win32
		{DA82D147-D816-46E1-A6ED-2758A0295C27}.Release|x64.ActiveCfg = Release|x64
		{DA82D147-D816-46E1-A6ED-2758A0295C27}.Release|x64.Build.0 = Release|x64
		{DA82D147-D816-46E1-A6ED-2758A0295C27}.Release|x86.ActiveCfg = Release|Win32
		{DA82D147-D816-46E1-A6ED-2758A0295C27}.Release|x86.Build.0 = Release|Win32
		{8C847674-5834-4694-A024-A243079DD433}.Debug|x64.ActiveCfg = Debug|x64
		{8C847674-5834-4694-A024-A243079DD433}.Debug|x64.Build.0 = Debug|x64
		{8C847674-5834-4694-A024-A243079DD433}.Debug|x86.ActiveCfg = Debug|Win32
		{8C847674-5834-4694-A024-A243079DD433}.Debug|x86.Build.0 = Debug|Win32
		{8C847674-5834-4694-A024-A243079DD433}.Release|x64.ActiveCfg = Release|x64
		{8C847674-5834-4694-A024-A243079DD433}.Release|x64.Build.0 = Release|x64
		{8C847674-5834-4694-A024-A243079DD433}.Release|x86.ActiveCfg = Release|Win32
		{8C847674-5834-4694-A024-A243079DD433}.Release|x86.Build.0 = Release|Win32
		{26B8F0C9-6DFF-40CF-9E79-6BED1AD79B22}.Debug|x64.ActiveCfg = Debug|x64
		{26B8F0C9-6DFF-40CF-9E79-6BED1AD79B22}.Debug|x64.Build.0 = Debug|x64
		{26B8F0C9-6DFF-40CF-9E79-6BED1AD79B22}.Debug|x86.ActiveCfg = Debug|Win32
		{26B8F0C9-6DFF-40CF-9E79-6BED1AD79B22}.Debug|x86.Build.0 = Debug|Win32
		{26B8F0C9-6DFF-40CF-9E79-6BED1AD79B22}.Release|x64.ActiveCfg = Release|x64
		{26B8F0C9-6DFF-40CF-9E79-6BED1AD79B22}.Release|x64.Build.0 = Release|x64
		{26B8F0C9-6DFF-40CF-9E79-6BED1AD79B22}.Release|x86.ActiveCfg = Release|Win32
		{26B8F0C9-6DFF-40CF-9E79-6BED1AD79B22}.Release|x86.Build.0 = Release|Win32
		{84B524CA-1505-4385-B148-F43223F4B444}.Debug|x64.ActiveCfg = Debug|x64
		{84B524CA-1505-4385-B148-F43223F4B444}.Debug|x64.Build.0 = Debug|x64
		{84B524CA-1505-4385-B148-F43223F4B444}.Debug|x86.ActiveCfg = Debug|Win32
		{84B524CA-1505-4385-B148-F43223F4B444}.Debug|x86.Build.0 = Debug|Win32
		{84B524CA-1505-4385-B148-F43223F4B444}.Release|x64.ActiveCfg = Release|x64
		{84B524CA-1505-4385-B148-F43223F4B444}.Release|x64.Build.0 = Release|x64
		{84B524CA-1505-4385-B148-F43223F4B444}.Release|x86.ActiveCfg = Release|Win32
		{84B524CA-1505-4385-B148-F43223F4B444}.Release|x86.Build.0 = Release|Win32
		{485426E5-D1D9-4A73-92E9-50B558464D8D}.Debug|x64.ActiveCfg = Debug|x64
		{485426E5-D1D9-4A73-92E9-50B558464D8D}.Debug|x64.Build.0 = Debug|x64
		{485426E5-D1D9-4A73-92E9-50B558464D8D}.Debug|x86.ActiveCfg = Debug|Win32
		{485426E5-D1D9-4A73-92E9-50B558464D8D}.Debug|x86.Build.0 = Debug|Win32
		{485426E5-D1D9-4A73-92E9-50B558464D8D}.Release|x64.ActiveCfg = Release|x64
		{485426E5-D1D9-4A73-92E9-50B558464D8D}.Release|x64.Build.0 = Release|x64
		{485426E5-D1D9-4A73-92E9-50B558464D8D}.Release|x86.ActiveCfg = Release|Win32
		{485426E5-D1D9-4A73-92E9-50B558464D8D}.Release|x86.Build.0 = Release|Win32
		{6C8809F1-A02C-4385-94BE-9783CD8B17E2}.Debug|x64.ActiveCfg = Debug|x64
		{6C8809F1-A02C-4385-94BE-9783CD8B17E2}.Debug|x64.Build.0 = Debug|x64
		{6C8809F1-A02C-4385-94BE-9783CD8B17E2}.Debug|x86.ActiveCfg = Debug|Win32
		{6C8809F1-A02C-4385-94BE-9783CD8B17E2}.Debug|x86.Build.0 = Debug|Win32
		{6C8809F1-A02C-4385-94BE-9783CD8B17E2}.Release|x64.ActiveCfg = Release|x64
		{6C8809F1-A02C-4385-94BE-9783CD8B17E2}.Release|x64.Build.0 = Release|x64
		{6C8809F1-A02C-4385-94BE-9783CD8B17E2}.Release|x86.ActiveCfg = Release|Win32
		{6C8809F1-A02C-4385-94BE-9783CD8B17E2}.Release|x86.Build.0 = Release|Win32
	EndGlobalSection
	GlobalSection(SolutionProperties) = preSolution
		HideSolutionNode = FALSE
	EndGlobalSection
	GlobalSection(ExtensibilityGlobals) = postSolution
		SolutionGuid = {5B5E8312-2D18-4324-9595-7E698D0C0A33}
	EndGlobalSection
EndGlobal
